
Microsoft Visual Studio Solution File, Format Version 12.00
# Visual Studio Version 16
VisualStudioVersion = 16.0.30717.126
MinimumVisualStudioVersion = 10.0.40219.1
Project("{FAE04EC0-301F-11D3-BF4B-00C04F79EFBC}") = "TestTustlySDK.Android", "TestTustlySDK\TestTustlySDK.Android\TestTustlySDK.Android.csproj", "{A10A95F9-274A-44E2-8505-AABE444C6BFD}"
EndProject
Project("{FAE04EC0-301F-11D3-BF4B-00C04F79EFBC}") = "TestTustlySDK.iOS", "TestTustlySDK\TestTustlySDK.iOS\TestTustlySDK.iOS.csproj", "{352C94EA-D3B1-4D78-9855-26A13C9FB43D}"
EndProject
Project("{FAE04EC0-301F-11D3-BF4B-00C04F79EFBC}") = "TestTustlySDK", "TestTustlySDK\TestTustlySDK\TestTustlySDK.csproj", "{06148DA8-CD1C-4F0D-9454-6DB0BBDA067B}"
EndProject
Global
	GlobalSection(SolutionConfigurationPlatforms) = preSolution
		Debug|Any CPU = Debug|Any CPU
		Debug|iPhone = Debug|iPhone
		Debug|iPhoneSimulator = Debug|iPhoneSimulator
		Release|Any CPU = Release|Any CPU
		Release|iPhone = Release|iPhone
		Release|iPhoneSimulator = Release|iPhoneSimulator
	EndGlobalSection
	GlobalSection(ProjectConfigurationPlatforms) = postSolution
		{A10A95F9-274A-44E2-8505-AABE444C6BFD}.Debug|Any CPU.ActiveCfg = Debug|Any CPU
		{A10A95F9-274A-44E2-8505-AABE444C6BFD}.Debug|Any CPU.Build.0 = Debug|Any CPU
		{A10A95F9-274A-44E2-8505-AABE444C6BFD}.Debug|Any CPU.Deploy.0 = Debug|Any CPU
		{A10A95F9-274A-44E2-8505-AABE444C6BFD}.Debug|iPhone.ActiveCfg = Debug|Any CPU
		{A10A95F9-274A-44E2-8505-AABE444C6BFD}.Debug|iPhone.Build.0 = Debug|Any CPU
		{A10A95F9-274A-44E2-8505-AABE444C6BFD}.Debug|iPhone.Deploy.0 = Debug|Any CPU
		{A10A95F9-274A-44E2-8505-AABE444C6BFD}.Debug|iPhoneSimulator.ActiveCfg = Debug|Any CPU
		{A10A95F9-274A-44E2-8505-AABE444C6BFD}.Debug|iPhoneSimulator.Build.0 = Debug|Any CPU
		{A10A95F9-274A-44E2-8505-AABE444C6BFD}.Debug|iPhoneSimulator.Deploy.0 = Debug|Any CPU
		{A10A95F9-274A-44E2-8505-AABE444C6BFD}.Release|Any CPU.ActiveCfg = Release|Any CPU
		{A10A95F9-274A-44E2-8505-AABE444C6BFD}.Release|Any CPU.Build.0 = Release|Any CPU
		{A10A95F9-274A-44E2-8505-AABE444C6BFD}.Release|Any CPU.Deploy.0 = Release|Any CPU
		{A10A95F9-274A-44E2-8505-AABE444C6BFD}.Release|iPhone.ActiveCfg = Release|Any CPU
		{A10A95F9-274A-44E2-8505-AABE444C6BFD}.Release|iPhone.Build.0 = Release|Any CPU
		{A10A95F9-274A-44E2-8505-AABE444C6BFD}.Release|iPhone.Deploy.0 = Release|Any CPU
		{A10A95F9-274A-44E2-8505-AABE444C6BFD}.Release|iPhoneSimulator.ActiveCfg = Release|Any CPU
		{A10A95F9-274A-44E2-8505-AABE444C6BFD}.Release|iPhoneSimulator.Build.0 = Release|Any CPU
		{A10A95F9-274A-44E2-8505-AABE444C6BFD}.Release|iPhoneSimulator.Deploy.0 = Release|Any CPU
		{352C94EA-D3B1-4D78-9855-26A13C9FB43D}.Debug|Any CPU.ActiveCfg = Debug|iPhone
		{352C94EA-D3B1-4D78-9855-26A13C9FB43D}.Debug|Any CPU.Build.0 = Debug|iPhone
		{352C94EA-D3B1-4D78-9855-26A13C9FB43D}.Debug|Any CPU.Deploy.0 = Debug|iPhone
		{352C94EA-D3B1-4D78-9855-26A13C9FB43D}.Debug|iPhone.ActiveCfg = Debug|iPhone
		{352C94EA-D3B1-4D78-9855-26A13C9FB43D}.Debug|iPhone.Build.0 = Debug|iPhone
		{352C94EA-D3B1-4D78-9855-26A13C9FB43D}.Debug|iPhone.Deploy.0 = Debug|iPhone
		{352C94EA-D3B1-4D78-9855-26A13C9FB43D}.Debug|iPhoneSimulator.ActiveCfg = Debug|iPhoneSimulator
		{352C94EA-D3B1-4D78-9855-26A13C9FB43D}.Debug|iPhoneSimulator.Build.0 = Debug|iPhoneSimulator
		{352C94EA-D3B1-4D78-9855-26A13C9FB43D}.Debug|iPhoneSimulator.Deploy.0 = Debug|iPhoneSimulator
		{352C94EA-D3B1-4D78-9855-26A13C9FB43D}.Release|Any CPU.ActiveCfg = Release|iPhoneSimulator
		{352C94EA-D3B1-4D78-9855-26A13C9FB43D}.Release|Any CPU.Build.0 = Release|iPhoneSimulator
		{352C94EA-D3B1-4D78-9855-26A13C9FB43D}.Release|Any CPU.Deploy.0 = Release|iPhoneSimulator
		{352C94EA-D3B1-4D78-9855-26A13C9FB43D}.Release|iPhone.ActiveCfg = Release|iPhone
		{352C94EA-D3B1-4D78-9855-26A13C9FB43D}.Release|iPhone.Build.0 = Release|iPhone
		{352C94EA-D3B1-4D78-9855-26A13C9FB43D}.Release|iPhone.Deploy.0 = Release|iPhone
		{352C94EA-D3B1-4D78-9855-26A13C9FB43D}.Release|iPhoneSimulator.ActiveCfg = Release|iPhoneSimulator
		{352C94EA-D3B1-4D78-9855-26A13C9FB43D}.Release|iPhoneSimulator.Build.0 = Release|iPhoneSimulator
		{352C94EA-D3B1-4D78-9855-26A13C9FB43D}.Release|iPhoneSimulator.Deploy.0 = Release|iPhoneSimulator
		{06148DA8-CD1C-4F0D-9454-6DB0BBDA067B}.Debug|Any CPU.ActiveCfg = Debug|Any CPU
		{06148DA8-CD1C-4F0D-9454-6DB0BBDA067B}.Debug|Any CPU.Build.0 = Debug|Any CPU
		{06148DA8-CD1C-4F0D-9454-6DB0BBDA067B}.Debug|Any CPU.Deploy.0 = Debug|Any CPU
		{06148DA8-CD1C-4F0D-9454-6DB0BBDA067B}.Debug|iPhone.ActiveCfg = Debug|Any CPU
		{06148DA8-CD1C-4F0D-9454-6DB0BBDA067B}.Debug|iPhone.Build.0 = Debug|Any CPU
		{06148DA8-CD1C-4F0D-9454-6DB0BBDA067B}.Debug|iPhone.Deploy.0 = Debug|Any CPU
		{06148DA8-CD1C-4F0D-9454-6DB0BBDA067B}.Debug|iPhoneSimulator.ActiveCfg = Debug|Any CPU
		{06148DA8-CD1C-4F0D-9454-6DB0BBDA067B}.Debug|iPhoneSimulator.Build.0 = Debug|Any CPU
		{06148DA8-CD1C-4F0D-9454-6DB0BBDA067B}.Debug|iPhoneSimulator.Deploy.0 = Debug|Any CPU
		{06148DA8-CD1C-4F0D-9454-6DB0BBDA067B}.Release|Any CPU.ActiveCfg = Release|Any CPU
		{06148DA8-CD1C-4F0D-9454-6DB0BBDA067B}.Release|Any CPU.Build.0 = Release|Any CPU
		{06148DA8-CD1C-4F0D-9454-6DB0BBDA067B}.Release|Any CPU.Deploy.0 = Release|Any CPU
		{06148DA8-CD1C-4F0D-9454-6DB0BBDA067B}.Release|iPhone.ActiveCfg = Release|Any CPU
		{06148DA8-CD1C-4F0D-9454-6DB0BBDA067B}.Release|iPhone.Build.0 = Release|Any CPU
		{06148DA8-CD1C-4F0D-9454-6DB0BBDA067B}.Release|iPhone.Deploy.0 = Release|Any CPU
		{06148DA8-CD1C-4F0D-9454-6DB0BBDA067B}.Release|iPhoneSimulator.ActiveCfg = Release|Any CPU
		{06148DA8-CD1C-4F0D-9454-6DB0BBDA067B}.Release|iPhoneSimulator.Build.0 = Release|Any CPU
		{06148DA8-CD1C-4F0D-9454-6DB0BBDA067B}.Release|iPhoneSimulator.Deploy.0 = Release|Any CPU
	EndGlobalSection
	GlobalSection(SolutionProperties) = preSolution
		HideSolutionNode = FALSE
	EndGlobalSection
	GlobalSection(ExtensibilityGlobals) = postSolution
		SolutionGuid = {6CC431A4-5F0A-47F4-BA2A-2A7A379DB406}
	EndGlobalSection
EndGlobal
